
Microsoft Visual Studio Solution File, Format Version 12.00
Project("{2150E333-8FDC-42A3-9474-1A3956D46DE8}") = "Solution Items", "Solution Items", "{F3708099-9D1D-4DC4-B415-BF3E48ECC97E}"
	ProjectSection(SolutionItems) = preProject
		compose.yaml = compose.yaml
		Inventory.http = Inventory.http
		Product.http = Product.http
	EndProjectSection
EndProject
Project("{FAE04EC0-301F-11D3-BF4B-00C04F79EFBC}") = "InventoryService", "InventoryService\InventoryService.csproj", "{E400EA0A-9AF7-40C7-9F4D-87667622220A}"
EndProject
Project("{FAE04EC0-301F-11D3-BF4B-00C04F79EFBC}") = "ProductService", "ProductService\ProductService.csproj", "{3D45B4C2-798B-4074-ADCB-C1A027D08E19}"
EndProject
Project("{FAE04EC0-301F-11D3-BF4B-00C04F79EFBC}") = "IntegrationEvents", "IntegrationEvents\IntegrationEvents.csproj", "{298FCFBB-0C05-4AAA-90F6-BCA12C65CA00}"
EndProject
Project("{FAE04EC0-301F-11D3-BF4B-00C04F79EFBC}") = "TestApp", "TestApp\TestApp.csproj", "{8379AEDD-3FBE-42E6-AA0D-6271C21D3BA1}"
EndProject
Project("{FAE04EC0-301F-11D3-BF4B-00C04F79EFBC}") = "E2E.Tests", "..\tests\E2E.Tests\E2E.Tests.csproj", "{897D3DD1-FEA0-49A0-9944-D3B8492AC998}"
EndProject
Project("{FAE04EC0-301F-11D3-BF4B-00C04F79EFBC}") = "InventoryService.Tests", "..\tests\InventoryService.Tests\InventoryService.Tests.csproj", "{4C79DABB-9BC6-4477-A705-19740115CA8D}"
EndProject
Project("{FAE04EC0-301F-11D3-BF4B-00C04F79EFBC}") = "ProductService.Tests", "..\tests\ProductService.Tests\ProductService.Tests.csproj", "{894C4104-128A-49B6-BAA4-D4D3AA9AB0B6}"
EndProject
Project("{FAE04EC0-301F-11D3-BF4B-00C04F79EFBC}") = "Common", "Common\Common.csproj", "{CFD0137B-E735-4F54-9B0F-14FB2FFCF962}"
EndProject
Global
	GlobalSection(SolutionConfigurationPlatforms) = preSolution
		Debug|Any CPU = Debug|Any CPU
		Release|Any CPU = Release|Any CPU
	EndGlobalSection
	GlobalSection(ProjectConfigurationPlatforms) = postSolution
		{E400EA0A-9AF7-40C7-9F4D-87667622220A}.Debug|Any CPU.ActiveCfg = Debug|Any CPU
		{E400EA0A-9AF7-40C7-9F4D-87667622220A}.Debug|Any CPU.Build.0 = Debug|Any CPU
		{E400EA0A-9AF7-40C7-9F4D-87667622220A}.Release|Any CPU.ActiveCfg = Release|Any CPU
		{E400EA0A-9AF7-40C7-9F4D-87667622220A}.Release|Any CPU.Build.0 = Release|Any CPU
		{3D45B4C2-798B-4074-ADCB-C1A027D08E19}.Debug|Any CPU.ActiveCfg = Debug|Any CPU
		{3D45B4C2-798B-4074-ADCB-C1A027D08E19}.Debug|Any CPU.Build.0 = Debug|Any CPU
		{3D45B4C2-798B-4074-ADCB-C1A027D08E19}.Release|Any CPU.ActiveCfg = Release|Any CPU
		{3D45B4C2-798B-4074-ADCB-C1A027D08E19}.Release|Any CPU.Build.0 = Release|Any CPU
		{298FCFBB-0C05-4AAA-90F6-BCA12C65CA00}.Debug|Any CPU.ActiveCfg = Debug|Any CPU
		{298FCFBB-0C05-4AAA-90F6-BCA12C65CA00}.Debug|Any CPU.Build.0 = Debug|Any CPU
		{298FCFBB-0C05-4AAA-90F6-BCA12C65CA00}.Release|Any CPU.ActiveCfg = Release|Any CPU
		{298FCFBB-0C05-4AAA-90F6-BCA12C65CA00}.Release|Any CPU.Build.0 = Release|Any CPU
		{8379AEDD-3FBE-42E6-AA0D-6271C21D3BA1}.Debug|Any CPU.ActiveCfg = Debug|Any CPU
		{8379AEDD-3FBE-42E6-AA0D-6271C21D3BA1}.Debug|Any CPU.Build.0 = Debug|Any CPU
		{8379AEDD-3FBE-42E6-AA0D-6271C21D3BA1}.Release|Any CPU.ActiveCfg = Release|Any CPU
		{8379AEDD-3FBE-42E6-AA0D-6271C21D3BA1}.Release|Any CPU.Build.0 = Release|Any CPU
		{897D3DD1-FEA0-49A0-9944-D3B8492AC998}.Debug|Any CPU.ActiveCfg = Debug|Any CPU
		{897D3DD1-FEA0-49A0-9944-D3B8492AC998}.Debug|Any CPU.Build.0 = Debug|Any CPU
		{897D3DD1-FEA0-49A0-9944-D3B8492AC998}.Release|Any CPU.ActiveCfg = Release|Any CPU
		{897D3DD1-FEA0-49A0-9944-D3B8492AC998}.Release|Any CPU.Build.0 = Release|Any CPU
		{4C79DABB-9BC6-4477-A705-19740115CA8D}.Debug|Any CPU.ActiveCfg = Debug|Any CPU
		{4C79DABB-9BC6-4477-A705-19740115CA8D}.Debug|Any CPU.Build.0 = Debug|Any CPU
		{4C79DABB-9BC6-4477-A705-19740115CA8D}.Release|Any CPU.ActiveCfg = Release|Any CPU
		{4C79DABB-9BC6-4477-A705-19740115CA8D}.Release|Any CPU.Build.0 = Release|Any CPU
		{894C4104-128A-49B6-BAA4-D4D3AA9AB0B6}.Debug|Any CPU.ActiveCfg = Debug|Any CPU
		{894C4104-128A-49B6-BAA4-D4D3AA9AB0B6}.Debug|Any CPU.Build.0 = Debug|Any CPU
		{894C4104-128A-49B6-BAA4-D4D3AA9AB0B6}.Release|Any CPU.ActiveCfg = Release|Any CPU
		{894C4104-128A-49B6-BAA4-D4D3AA9AB0B6}.Release|Any CPU.Build.0 = Release|Any CPU
		{CFD0137B-E735-4F54-9B0F-14FB2FFCF962}.Debug|Any CPU.ActiveCfg = Debug|Any CPU
		{CFD0137B-E735-4F54-9B0F-14FB2FFCF962}.Debug|Any CPU.Build.0 = Debug|Any CPU
		{CFD0137B-E735-4F54-9B0F-14FB2FFCF962}.Release|Any CPU.ActiveCfg = Release|Any CPU
		{CFD0137B-E735-4F54-9B0F-14FB2FFCF962}.Release|Any CPU.Build.0 = Release|Any CPU
	EndGlobalSection
	GlobalSection(NestedProjects) = preSolution
		{298FCFBB-0C05-4AAA-90F6-BCA12C65CA00} = {F3708099-9D1D-4DC4-B415-BF3E48ECC97E}
		{E400EA0A-9AF7-40C7-9F4D-87667622220A} = {F3708099-9D1D-4DC4-B415-BF3E48ECC97E}
		{3D45B4C2-798B-4074-ADCB-C1A027D08E19} = {F3708099-9D1D-4DC4-B415-BF3E48ECC97E}
		{8379AEDD-3FBE-42E6-AA0D-6271C21D3BA1} = {F3708099-9D1D-4DC4-B415-BF3E48ECC97E}
		{CFD0137B-E735-4F54-9B0F-14FB2FFCF962} = {F3708099-9D1D-4DC4-B415-BF3E48ECC97E}
	EndGlobalSection
EndGlobal
