
Microsoft Visual Studio Solution File, Format Version 12.00
Project("{2150E333-8FDC-42A3-9474-1A3956D46DE8}") = "Solution Items", "Solution Items", "{F3708099-9D1D-4DC4-B415-BF3E48ECC97E}"
	ProjectSection(SolutionItems) = preProject
		compose.yaml = compose.yaml
		Inventory.http = Inventory.http
		Product.http = Product.http
	EndProjectSection
EndProject
Project("{FAE04EC0-301F-11D3-BF4B-00C04F79EFBC}") = "InventoryService", "InventoryService\InventoryService.csproj", "{E400EA0A-9AF7-40C7-9F4D-87667622220A}"
EndProject
Project("{FAE04EC0-301F-11D3-BF4B-00C04F79EFBC}") = "ProductService", "ProductService\ProductService.csproj", "{3D45B4C2-798B-4074-ADCB-C1A027D08E19}"
EndProject
Project("{FAE04EC0-301F-11D3-BF4B-00C04F79EFBC}") = "IntegrationEvents", "IntegrationEvents\IntegrationEvents.csproj", "{298FCFBB-0C05-4AAA-90F6-BCA12C65CA00}"
EndProject
Project("{FAE04EC0-301F-11D3-BF4B-00C04F79EFBC}") = "TestApp", "TestApp\TestApp.csproj", "{8379AEDD-3FBE-42E6-AA0D-6271C21D3BA1}"
EndProject
Global
	GlobalSection(SolutionConfigurationPlatforms) = preSolution
		Debug|Any CPU = Debug|Any CPU
		Release|Any CPU = Release|Any CPU
	EndGlobalSection
	GlobalSection(ProjectConfigurationPlatforms) = postSolution
		{E400EA0A-9AF7-40C7-9F4D-87667622220A}.Debug|Any CPU.ActiveCfg = Debug|Any CPU
		{E400EA0A-9AF7-40C7-9F4D-87667622220A}.Debug|Any CPU.Build.0 = Debug|Any CPU
		{E400EA0A-9AF7-40C7-9F4D-87667622220A}.Release|Any CPU.ActiveCfg = Release|Any CPU
		{E400EA0A-9AF7-40C7-9F4D-87667622220A}.Release|Any CPU.Build.0 = Release|Any CPU
		{3D45B4C2-798B-4074-ADCB-C1A027D08E19}.Debug|Any CPU.ActiveCfg = Debug|Any CPU
		{3D45B4C2-798B-4074-ADCB-C1A027D08E19}.Debug|Any CPU.Build.0 = Debug|Any CPU
		{3D45B4C2-798B-4074-ADCB-C1A027D08E19}.Release|Any CPU.ActiveCfg = Release|Any CPU
		{3D45B4C2-798B-4074-ADCB-C1A027D08E19}.Release|Any CPU.Build.0 = Release|Any CPU
		{298FCFBB-0C05-4AAA-90F6-BCA12C65CA00}.Debug|Any CPU.ActiveCfg = Debug|Any CPU
		{298FCFBB-0C05-4AAA-90F6-BCA12C65CA00}.Debug|Any CPU.Build.0 = Debug|Any CPU
		{298FCFBB-0C05-4AAA-90F6-BCA12C65CA00}.Release|Any CPU.ActiveCfg = Release|Any CPU
		{298FCFBB-0C05-4AAA-90F6-BCA12C65CA00}.Release|Any CPU.Build.0 = Release|Any CPU
		{8379AEDD-3FBE-42E6-AA0D-6271C21D3BA1}.Debug|Any CPU.ActiveCfg = Debug|Any CPU
		{8379AEDD-3FBE-42E6-AA0D-6271C21D3BA1}.Debug|Any CPU.Build.0 = Debug|Any CPU
		{8379AEDD-3FBE-42E6-AA0D-6271C21D3BA1}.Release|Any CPU.ActiveCfg = Release|Any CPU
		{8379AEDD-3FBE-42E6-AA0D-6271C21D3BA1}.Release|Any CPU.Build.0 = Release|Any CPU
	EndGlobalSection
	GlobalSection(NestedProjects) = preSolution
	EndGlobalSection
EndGlobal
